
Microsoft Visual Studio Solution File, Format Version 12.00
Project("{FAE04EC0-301F-11D3-BF4B-00C04F79EFBC}") = "AyahGraphApi", "src\AyahGraphApi\AyahGraphApi.csproj", "{8CC88616-CCA6-4C46-A23D-7E9F20968F76}"
EndProject
Project("{FAE04EC0-301F-11D3-BF4B-00C04F79EFBC}") = "AyahGraphApi.Application", "src\AyahGraphApi.Application\AyahGraphApi.Application.csproj", "{042BC892-8FC2-4186-95B9-DD248C85038C}"
EndProject
Project("{FAE04EC0-301F-11D3-BF4B-00C04F79EFBC}") = "AyahGraphApi.Domain", "src\AyahGraphApi.Domain\AyahGraphApi.Domain.csproj", "{C9523F4A-4959-43D1-BD8E-068388DF59BD}"
EndProject
Project("{FAE04EC0-301F-11D3-BF4B-00C04F79EFBC}") = "AyahGraphApi.Infrastructure", "src\AyahGraphApi.Infrastructure\AyahGraphApi.Infrastructure.csproj", "{A1A441ED-947C-47AB-B9B6-F7D1842FFC51}"
EndProject
Project("{FAE04EC0-301F-11D3-BF4B-00C04F79EFBC}") = "AyahGraphApi.Domain.Tests", "tests\AyahGraphApi.Domain.Tests\AyahGraphApi.Domain.Tests.csproj", "{D388F717-4A78-4FA6-A1E8-C679AF8838EC}"
EndProject
Global
	GlobalSection(SolutionConfigurationPlatforms) = preSolution
		Debug|Any CPU = Debug|Any CPU
		Release|Any CPU = Release|Any CPU
	EndGlobalSection
	GlobalSection(ProjectConfigurationPlatforms) = postSolution
		{8CC88616-CCA6-4C46-A23D-7E9F20968F76}.Debug|Any CPU.ActiveCfg = Debug|Any CPU
		{8CC88616-CCA6-4C46-A23D-7E9F20968F76}.Debug|Any CPU.Build.0 = Debug|Any CPU
		{8CC88616-CCA6-4C46-A23D-7E9F20968F76}.Release|Any CPU.ActiveCfg = Release|Any CPU
		{8CC88616-CCA6-4C46-A23D-7E9F20968F76}.Release|Any CPU.Build.0 = Release|Any CPU
		{042BC892-8FC2-4186-95B9-DD248C85038C}.Debug|Any CPU.ActiveCfg = Debug|Any CPU
		{042BC892-8FC2-4186-95B9-DD248C85038C}.Debug|Any CPU.Build.0 = Debug|Any CPU
		{042BC892-8FC2-4186-95B9-DD248C85038C}.Release|Any CPU.ActiveCfg = Release|Any CPU
		{042BC892-8FC2-4186-95B9-DD248C85038C}.Release|Any CPU.Build.0 = Release|Any CPU
		{C9523F4A-4959-43D1-BD8E-068388DF59BD}.Debug|Any CPU.ActiveCfg = Debug|Any CPU
		{C9523F4A-4959-43D1-BD8E-068388DF59BD}.Debug|Any CPU.Build.0 = Debug|Any CPU
		{C9523F4A-4959-43D1-BD8E-068388DF59BD}.Release|Any CPU.ActiveCfg = Release|Any CPU
		{C9523F4A-4959-43D1-BD8E-068388DF59BD}.Release|Any CPU.Build.0 = Release|Any CPU
		{A1A441ED-947C-47AB-B9B6-F7D1842FFC51}.Debug|Any CPU.ActiveCfg = Debug|Any CPU
		{A1A441ED-947C-47AB-B9B6-F7D1842FFC51}.Debug|Any CPU.Build.0 = Debug|Any CPU
		{A1A441ED-947C-47AB-B9B6-F7D1842FFC51}.Release|Any CPU.ActiveCfg = Release|Any CPU
		{A1A441ED-947C-47AB-B9B6-F7D1842FFC51}.Release|Any CPU.Build.0 = Release|Any CPU
		{D388F717-4A78-4FA6-A1E8-C679AF8838EC}.Debug|Any CPU.ActiveCfg = Debug|Any CPU
		{D388F717-4A78-4FA6-A1E8-C679AF8838EC}.Debug|Any CPU.Build.0 = Debug|Any CPU
		{D388F717-4A78-4FA6-A1E8-C679AF8838EC}.Release|Any CPU.ActiveCfg = Release|Any CPU
		{D388F717-4A78-4FA6-A1E8-C679AF8838EC}.Release|Any CPU.Build.0 = Release|Any CPU
	EndGlobalSection
EndGlobal
